// !$*UTF8*$!
{
	archiveVersion = 1;
	classes = {
	};
	objectVersion = 46;
	objects = {

/* Begin PBXBuildFile section */
		1C6CEB06188393F6003F5BB4 /* Foundation.framework in Frameworks */ = {isa = PBXBuildFile; fileRef = 1C6CEB05188393F6003F5BB4 /* Foundation.framework */; };
		1C6CEB08188393F6003F5BB4 /* CoreGraphics.framework in Frameworks */ = {isa = PBXBuildFile; fileRef = 1C6CEB07188393F6003F5BB4 /* CoreGraphics.framework */; };
		1C6CEB0A188393F6003F5BB4 /* UIKit.framework in Frameworks */ = {isa = PBXBuildFile; fileRef = 1C6CEB09188393F6003F5BB4 /* UIKit.framework */; };
		1C6CEB10188393F6003F5BB4 /* InfoPlist.strings in Resources */ = {isa = PBXBuildFile; fileRef = 1C6CEB0E188393F6003F5BB4 /* InfoPlist.strings */; };
		1C6CEB12188393F6003F5BB4 /* main.m in Sources */ = {isa = PBXBuildFile; fileRef = 1C6CEB11188393F6003F5BB4 /* main.m */; };
		1C6CEB16188393F6003F5BB4 /* AppDelegate.m in Sources */ = {isa = PBXBuildFile; fileRef = 1C6CEB15188393F6003F5BB4 /* AppDelegate.m */; };
		1C6CEB19188393F6003F5BB4 /* Main.storyboard in Resources */ = {isa = PBXBuildFile; fileRef = 1C6CEB17188393F6003F5BB4 /* Main.storyboard */; };
		1C6CEB1C188393F6003F5BB4 /* ViewController.m in Sources */ = {isa = PBXBuildFile; fileRef = 1C6CEB1B188393F6003F5BB4 /* ViewController.m */; };
		1C6CEB1E188393F6003F5BB4 /* Images.xcassets in Resources */ = {isa = PBXBuildFile; fileRef = 1C6CEB1D188393F6003F5BB4 /* Images.xcassets */; };
		1C6CEB25188393F6003F5BB4 /* XCTest.framework in Frameworks */ = {isa = PBXBuildFile; fileRef = 1C6CEB24188393F6003F5BB4 /* XCTest.framework */; };
		1C6CEB26188393F6003F5BB4 /* Foundation.framework in Frameworks */ = {isa = PBXBuildFile; fileRef = 1C6CEB05188393F6003F5BB4 /* Foundation.framework */; };
		1C6CEB27188393F6003F5BB4 /* UIKit.framework in Frameworks */ = {isa = PBXBuildFile; fileRef = 1C6CEB09188393F6003F5BB4 /* UIKit.framework */; };
		1C6CEB2F188393F6003F5BB4 /* InfoPlist.strings in Resources */ = {isa = PBXBuildFile; fileRef = 1C6CEB2D188393F6003F5BB4 /* InfoPlist.strings */; };
		1C6CEB31188393F6003F5BB4 /* Fix_NoisebridgeTests.m in Sources */ = {isa = PBXBuildFile; fileRef = 1C6CEB30188393F6003F5BB4 /* Fix_NoisebridgeTests.m */; };
		1C6CEB3C1883942E003F5BB4 /* README.md in Resources */ = {isa = PBXBuildFile; fileRef = 1C6CEB3B1883942E003F5BB4 /* README.md */; };
		1C6CEB3E1883952F003F5BB4 /* Parse.framework in Frameworks */ = {isa = PBXBuildFile; fileRef = 1C6CEB3D1883952F003F5BB4 /* Parse.framework */; };
		1C6CEB4018839557003F5BB4 /* AudioToolbox.framework in Frameworks */ = {isa = PBXBuildFile; fileRef = 1C6CEB3F18839556003F5BB4 /* AudioToolbox.framework */; };
		1C6CEB421883955C003F5BB4 /* CFNetwork.framework in Frameworks */ = {isa = PBXBuildFile; fileRef = 1C6CEB411883955C003F5BB4 /* CFNetwork.framework */; };
		1C6CEB4418839562003F5BB4 /* CoreLocation.framework in Frameworks */ = {isa = PBXBuildFile; fileRef = 1C6CEB4318839562003F5BB4 /* CoreLocation.framework */; };
		1C6CEB4618839568003F5BB4 /* libz.1.1.3.dylib in Frameworks */ = {isa = PBXBuildFile; fileRef = 1C6CEB4518839568003F5BB4 /* libz.1.1.3.dylib */; };
		1C6CEB481883956C003F5BB4 /* MobileCoreServices.framework in Frameworks */ = {isa = PBXBuildFile; fileRef = 1C6CEB471883956C003F5BB4 /* MobileCoreServices.framework */; };
		1C6CEB4A18839570003F5BB4 /* QuartzCore.framework in Frameworks */ = {isa = PBXBuildFile; fileRef = 1C6CEB4918839570003F5BB4 /* QuartzCore.framework */; };
		1C6CEB4C18839575003F5BB4 /* Security.framework in Frameworks */ = {isa = PBXBuildFile; fileRef = 1C6CEB4B18839575003F5BB4 /* Security.framework */; };
		1C6CEB4E1883957A003F5BB4 /* StoreKit.framework in Frameworks */ = {isa = PBXBuildFile; fileRef = 1C6CEB4D1883957A003F5BB4 /* StoreKit.framework */; };
		1C6CEB501883957F003F5BB4 /* SystemConfiguration.framework in Frameworks */ = {isa = PBXBuildFile; fileRef = 1C6CEB4F1883957F003F5BB4 /* SystemConfiguration.framework */; };
		1C6CEB5F1883979E003F5BB4 /* ECPercentDrivenInteractiveTransition.m in Sources */ = {isa = PBXBuildFile; fileRef = 1C6CEB531883979E003F5BB4 /* ECPercentDrivenInteractiveTransition.m */; };
		1C6CEB601883979E003F5BB4 /* ECSlidingAnimationController.m in Sources */ = {isa = PBXBuildFile; fileRef = 1C6CEB551883979E003F5BB4 /* ECSlidingAnimationController.m */; };
		1C6CEB611883979E003F5BB4 /* ECSlidingInteractiveTransition.m in Sources */ = {isa = PBXBuildFile; fileRef = 1C6CEB581883979E003F5BB4 /* ECSlidingInteractiveTransition.m */; };
		1C6CEB621883979E003F5BB4 /* ECSlidingSegue.m in Sources */ = {isa = PBXBuildFile; fileRef = 1C6CEB5A1883979E003F5BB4 /* ECSlidingSegue.m */; };
		1C6CEB631883979E003F5BB4 /* ECSlidingViewController.m in Sources */ = {isa = PBXBuildFile; fileRef = 1C6CEB5C1883979E003F5BB4 /* ECSlidingViewController.m */; };
		1C6CEB641883979E003F5BB4 /* UIViewController+ECSlidingViewController.m in Sources */ = {isa = PBXBuildFile; fileRef = 1C6CEB5E1883979E003F5BB4 /* UIViewController+ECSlidingViewController.m */; };
/* End PBXBuildFile section */

/* Begin PBXContainerItemProxy section */
		1C6CEB28188393F6003F5BB4 /* PBXContainerItemProxy */ = {
			isa = PBXContainerItemProxy;
			containerPortal = 1C6CEAFA188393F6003F5BB4 /* Project object */;
			proxyType = 1;
			remoteGlobalIDString = 1C6CEB01188393F6003F5BB4;
			remoteInfo = "Fix Noisebridge";
		};
/* End PBXContainerItemProxy section */

/* Begin PBXFileReference section */
		1C6CEB02188393F6003F5BB4 /* Fix Noisebridge.app */ = {isa = PBXFileReference; explicitFileType = wrapper.application; includeInIndex = 0; path = "Fix Noisebridge.app"; sourceTree = BUILT_PRODUCTS_DIR; };
		1C6CEB05188393F6003F5BB4 /* Foundation.framework */ = {isa = PBXFileReference; lastKnownFileType = wrapper.framework; name = Foundation.framework; path = System/Library/Frameworks/Foundation.framework; sourceTree = SDKROOT; };
		1C6CEB07188393F6003F5BB4 /* CoreGraphics.framework */ = {isa = PBXFileReference; lastKnownFileType = wrapper.framework; name = CoreGraphics.framework; path = System/Library/Frameworks/CoreGraphics.framework; sourceTree = SDKROOT; };
		1C6CEB09188393F6003F5BB4 /* UIKit.framework */ = {isa = PBXFileReference; lastKnownFileType = wrapper.framework; name = UIKit.framework; path = System/Library/Frameworks/UIKit.framework; sourceTree = SDKROOT; };
		1C6CEB0D188393F6003F5BB4 /* Fix Noisebridge-Info.plist */ = {isa = PBXFileReference; lastKnownFileType = text.plist.xml; path = "Fix Noisebridge-Info.plist"; sourceTree = "<group>"; };
		1C6CEB0F188393F6003F5BB4 /* en */ = {isa = PBXFileReference; lastKnownFileType = text.plist.strings; name = en; path = en.lproj/InfoPlist.strings; sourceTree = "<group>"; };
		1C6CEB11188393F6003F5BB4 /* main.m */ = {isa = PBXFileReference; lastKnownFileType = sourcecode.c.objc; path = main.m; sourceTree = "<group>"; };
		1C6CEB13188393F6003F5BB4 /* Fix Noisebridge-Prefix.pch */ = {isa = PBXFileReference; lastKnownFileType = sourcecode.c.h; path = "Fix Noisebridge-Prefix.pch"; sourceTree = "<group>"; };
		1C6CEB14188393F6003F5BB4 /* AppDelegate.h */ = {isa = PBXFileReference; lastKnownFileType = sourcecode.c.h; path = AppDelegate.h; sourceTree = "<group>"; };
		1C6CEB15188393F6003F5BB4 /* AppDelegate.m */ = {isa = PBXFileReference; lastKnownFileType = sourcecode.c.objc; path = AppDelegate.m; sourceTree = "<group>"; };
		1C6CEB18188393F6003F5BB4 /* Base */ = {isa = PBXFileReference; lastKnownFileType = file.storyboard; name = Base; path = Base.lproj/Main.storyboard; sourceTree = "<group>"; };
		1C6CEB1A188393F6003F5BB4 /* ViewController.h */ = {isa = PBXFileReference; lastKnownFileType = sourcecode.c.h; path = ViewController.h; sourceTree = "<group>"; };
		1C6CEB1B188393F6003F5BB4 /* ViewController.m */ = {isa = PBXFileReference; lastKnownFileType = sourcecode.c.objc; path = ViewController.m; sourceTree = "<group>"; };
		1C6CEB1D188393F6003F5BB4 /* Images.xcassets */ = {isa = PBXFileReference; lastKnownFileType = folder.assetcatalog; path = Images.xcassets; sourceTree = "<group>"; };
		1C6CEB23188393F6003F5BB4 /* Fix NoisebridgeTests.xctest */ = {isa = PBXFileReference; explicitFileType = wrapper.cfbundle; includeInIndex = 0; path = "Fix NoisebridgeTests.xctest"; sourceTree = BUILT_PRODUCTS_DIR; };
		1C6CEB24188393F6003F5BB4 /* XCTest.framework */ = {isa = PBXFileReference; lastKnownFileType = wrapper.framework; name = XCTest.framework; path = Library/Frameworks/XCTest.framework; sourceTree = DEVELOPER_DIR; };
		1C6CEB2C188393F6003F5BB4 /* Fix NoisebridgeTests-Info.plist */ = {isa = PBXFileReference; lastKnownFileType = text.plist.xml; path = "Fix NoisebridgeTests-Info.plist"; sourceTree = "<group>"; };
		1C6CEB2E188393F6003F5BB4 /* en */ = {isa = PBXFileReference; lastKnownFileType = text.plist.strings; name = en; path = en.lproj/InfoPlist.strings; sourceTree = "<group>"; };
		1C6CEB30188393F6003F5BB4 /* Fix_NoisebridgeTests.m */ = {isa = PBXFileReference; lastKnownFileType = sourcecode.c.objc; path = Fix_NoisebridgeTests.m; sourceTree = "<group>"; };
		1C6CEB3A18839406003F5BB4 /* Constants.h */ = {isa = PBXFileReference; fileEncoding = 4; lastKnownFileType = sourcecode.c.h; path = Constants.h; sourceTree = "<group>"; };
		1C6CEB3B1883942E003F5BB4 /* README.md */ = {isa = PBXFileReference; fileEncoding = 4; lastKnownFileType = text; path = README.md; sourceTree = "<group>"; };
		1C6CEB3D1883952F003F5BB4 /* Parse.framework */ = {isa = PBXFileReference; lastKnownFileType = wrapper.framework; path = Parse.framework; sourceTree = "<group>"; };
		1C6CEB3F18839556003F5BB4 /* AudioToolbox.framework */ = {isa = PBXFileReference; lastKnownFileType = wrapper.framework; name = AudioToolbox.framework; path = System/Library/Frameworks/AudioToolbox.framework; sourceTree = SDKROOT; };
		1C6CEB411883955C003F5BB4 /* CFNetwork.framework */ = {isa = PBXFileReference; lastKnownFileType = wrapper.framework; name = CFNetwork.framework; path = System/Library/Frameworks/CFNetwork.framework; sourceTree = SDKROOT; };
		1C6CEB4318839562003F5BB4 /* CoreLocation.framework */ = {isa = PBXFileReference; lastKnownFileType = wrapper.framework; name = CoreLocation.framework; path = System/Library/Frameworks/CoreLocation.framework; sourceTree = SDKROOT; };
		1C6CEB4518839568003F5BB4 /* libz.1.1.3.dylib */ = {isa = PBXFileReference; lastKnownFileType = "compiled.mach-o.dylib"; name = libz.1.1.3.dylib; path = usr/lib/libz.1.1.3.dylib; sourceTree = SDKROOT; };
		1C6CEB471883956C003F5BB4 /* MobileCoreServices.framework */ = {isa = PBXFileReference; lastKnownFileType = wrapper.framework; name = MobileCoreServices.framework; path = System/Library/Frameworks/MobileCoreServices.framework; sourceTree = SDKROOT; };
		1C6CEB4918839570003F5BB4 /* QuartzCore.framework */ = {isa = PBXFileReference; lastKnownFileType = wrapper.framework; name = QuartzCore.framework; path = System/Library/Frameworks/QuartzCore.framework; sourceTree = SDKROOT; };
		1C6CEB4B18839575003F5BB4 /* Security.framework */ = {isa = PBXFileReference; lastKnownFileType = wrapper.framework; name = Security.framework; path = System/Library/Frameworks/Security.framework; sourceTree = SDKROOT; };
		1C6CEB4D1883957A003F5BB4 /* StoreKit.framework */ = {isa = PBXFileReference; lastKnownFileType = wrapper.framework; name = StoreKit.framework; path = System/Library/Frameworks/StoreKit.framework; sourceTree = SDKROOT; };
		1C6CEB4F1883957F003F5BB4 /* SystemConfiguration.framework */ = {isa = PBXFileReference; lastKnownFileType = wrapper.framework; name = SystemConfiguration.framework; path = System/Library/Frameworks/SystemConfiguration.framework; sourceTree = SDKROOT; };
		1C6CEB521883979E003F5BB4 /* ECPercentDrivenInteractiveTransition.h */ = {isa = PBXFileReference; fileEncoding = 4; lastKnownFileType = sourcecode.c.h; path = ECPercentDrivenInteractiveTransition.h; sourceTree = "<group>"; };
		1C6CEB531883979E003F5BB4 /* ECPercentDrivenInteractiveTransition.m */ = {isa = PBXFileReference; fileEncoding = 4; lastKnownFileType = sourcecode.c.objc; path = ECPercentDrivenInteractiveTransition.m; sourceTree = "<group>"; };
		1C6CEB541883979E003F5BB4 /* ECSlidingAnimationController.h */ = {isa = PBXFileReference; fileEncoding = 4; lastKnownFileType = sourcecode.c.h; path = ECSlidingAnimationController.h; sourceTree = "<group>"; };
		1C6CEB551883979E003F5BB4 /* ECSlidingAnimationController.m */ = {isa = PBXFileReference; fileEncoding = 4; lastKnownFileType = sourcecode.c.objc; path = ECSlidingAnimationController.m; sourceTree = "<group>"; };
		1C6CEB561883979E003F5BB4 /* ECSlidingConstants.h */ = {isa = PBXFileReference; fileEncoding = 4; lastKnownFileType = sourcecode.c.h; path = ECSlidingConstants.h; sourceTree = "<group>"; };
		1C6CEB571883979E003F5BB4 /* ECSlidingInteractiveTransition.h */ = {isa = PBXFileReference; fileEncoding = 4; lastKnownFileType = sourcecode.c.h; path = ECSlidingInteractiveTransition.h; sourceTree = "<group>"; };
		1C6CEB581883979E003F5BB4 /* ECSlidingInteractiveTransition.m */ = {isa = PBXFileReference; fileEncoding = 4; lastKnownFileType = sourcecode.c.objc; path = ECSlidingInteractiveTransition.m; sourceTree = "<group>"; };
		1C6CEB591883979E003F5BB4 /* ECSlidingSegue.h */ = {isa = PBXFileReference; fileEncoding = 4; lastKnownFileType = sourcecode.c.h; path = ECSlidingSegue.h; sourceTree = "<group>"; };
		1C6CEB5A1883979E003F5BB4 /* ECSlidingSegue.m */ = {isa = PBXFileReference; fileEncoding = 4; lastKnownFileType = sourcecode.c.objc; path = ECSlidingSegue.m; sourceTree = "<group>"; };
		1C6CEB5B1883979E003F5BB4 /* ECSlidingViewController.h */ = {isa = PBXFileReference; fileEncoding = 4; lastKnownFileType = sourcecode.c.h; path = ECSlidingViewController.h; sourceTree = "<group>"; };
		1C6CEB5C1883979E003F5BB4 /* ECSlidingViewController.m */ = {isa = PBXFileReference; fileEncoding = 4; lastKnownFileType = sourcecode.c.objc; path = ECSlidingViewController.m; sourceTree = "<group>"; };
		1C6CEB5D1883979E003F5BB4 /* UIViewController+ECSlidingViewController.h */ = {isa = PBXFileReference; fileEncoding = 4; lastKnownFileType = sourcecode.c.h; path = "UIViewController+ECSlidingViewController.h"; sourceTree = "<group>"; };
		1C6CEB5E1883979E003F5BB4 /* UIViewController+ECSlidingViewController.m */ = {isa = PBXFileReference; fileEncoding = 4; lastKnownFileType = sourcecode.c.objc; path = "UIViewController+ECSlidingViewController.m"; sourceTree = "<group>"; };
/* End PBXFileReference section */

/* Begin PBXFrameworksBuildPhase section */
		1C6CEAFF188393F6003F5BB4 /* Frameworks */ = {
			isa = PBXFrameworksBuildPhase;
			buildActionMask = 2147483647;
			files = (
				1C6CEB501883957F003F5BB4 /* SystemConfiguration.framework in Frameworks */,
				1C6CEB4E1883957A003F5BB4 /* StoreKit.framework in Frameworks */,
				1C6CEB4C18839575003F5BB4 /* Security.framework in Frameworks */,
				1C6CEB4A18839570003F5BB4 /* QuartzCore.framework in Frameworks */,
				1C6CEB481883956C003F5BB4 /* MobileCoreServices.framework in Frameworks */,
				1C6CEB4618839568003F5BB4 /* libz.1.1.3.dylib in Frameworks */,
				1C6CEB4418839562003F5BB4 /* CoreLocation.framework in Frameworks */,
				1C6CEB421883955C003F5BB4 /* CFNetwork.framework in Frameworks */,
				1C6CEB4018839557003F5BB4 /* AudioToolbox.framework in Frameworks */,
				1C6CEB08188393F6003F5BB4 /* CoreGraphics.framework in Frameworks */,
				1C6CEB0A188393F6003F5BB4 /* UIKit.framework in Frameworks */,
				1C6CEB3E1883952F003F5BB4 /* Parse.framework in Frameworks */,
				1C6CEB06188393F6003F5BB4 /* Foundation.framework in Frameworks */,
			);
			runOnlyForDeploymentPostprocessing = 0;
		};
		1C6CEB20188393F6003F5BB4 /* Frameworks */ = {
			isa = PBXFrameworksBuildPhase;
			buildActionMask = 2147483647;
			files = (
				1C6CEB25188393F6003F5BB4 /* XCTest.framework in Frameworks */,
				1C6CEB27188393F6003F5BB4 /* UIKit.framework in Frameworks */,
				1C6CEB26188393F6003F5BB4 /* Foundation.framework in Frameworks */,
			);
			runOnlyForDeploymentPostprocessing = 0;
		};
/* End PBXFrameworksBuildPhase section */

/* Begin PBXGroup section */
		1C6CEAF9188393F6003F5BB4 = {
			isa = PBXGroup;
			children = (
				1C6CEB3B1883942E003F5BB4 /* README.md */,
				1C6CEB3A18839406003F5BB4 /* Constants.h */,
				1C6CEB0B188393F6003F5BB4 /* Fix Noisebridge */,
				1C6CEB2A188393F6003F5BB4 /* Fix NoisebridgeTests */,
				1C6CEB04188393F6003F5BB4 /* Frameworks */,
				1C6CEB03188393F6003F5BB4 /* Products */,
			);
			sourceTree = "<group>";
		};
		1C6CEB03188393F6003F5BB4 /* Products */ = {
			isa = PBXGroup;
			children = (
				1C6CEB02188393F6003F5BB4 /* Fix Noisebridge.app */,
				1C6CEB23188393F6003F5BB4 /* Fix NoisebridgeTests.xctest */,
			);
			name = Products;
			sourceTree = "<group>";
		};
		1C6CEB04188393F6003F5BB4 /* Frameworks */ = {
			isa = PBXGroup;
			children = (
				1C6CEB511883979E003F5BB4 /* ECSlidingViewController */,
				1C6CEB4F1883957F003F5BB4 /* SystemConfiguration.framework */,
				1C6CEB4D1883957A003F5BB4 /* StoreKit.framework */,
				1C6CEB4B18839575003F5BB4 /* Security.framework */,
				1C6CEB4918839570003F5BB4 /* QuartzCore.framework */,
				1C6CEB471883956C003F5BB4 /* MobileCoreServices.framework */,
				1C6CEB4518839568003F5BB4 /* libz.1.1.3.dylib */,
				1C6CEB4318839562003F5BB4 /* CoreLocation.framework */,
				1C6CEB411883955C003F5BB4 /* CFNetwork.framework */,
				1C6CEB3F18839556003F5BB4 /* AudioToolbox.framework */,
				1C6CEB3D1883952F003F5BB4 /* Parse.framework */,
				1C6CEB05188393F6003F5BB4 /* Foundation.framework */,
				1C6CEB07188393F6003F5BB4 /* CoreGraphics.framework */,
				1C6CEB09188393F6003F5BB4 /* UIKit.framework */,
				1C6CEB24188393F6003F5BB4 /* XCTest.framework */,
			);
			name = Frameworks;
			sourceTree = "<group>";
		};
		1C6CEB0B188393F6003F5BB4 /* Fix Noisebridge */ = {
			isa = PBXGroup;
			children = (
				1C6CEB14188393F6003F5BB4 /* AppDelegate.h */,
				1C6CEB15188393F6003F5BB4 /* AppDelegate.m */,
				1C6CEB17188393F6003F5BB4 /* Main.storyboard */,
				1C6CEB1A188393F6003F5BB4 /* ViewController.h */,
				1C6CEB1B188393F6003F5BB4 /* ViewController.m */,
				1C6CEB1D188393F6003F5BB4 /* Images.xcassets */,
				1C6CEB0C188393F6003F5BB4 /* Supporting Files */,
			);
			path = "Fix Noisebridge";
			sourceTree = "<group>";
		};
		1C6CEB0C188393F6003F5BB4 /* Supporting Files */ = {
			isa = PBXGroup;
			children = (
				1C6CEB0D188393F6003F5BB4 /* Fix Noisebridge-Info.plist */,
				1C6CEB0E188393F6003F5BB4 /* InfoPlist.strings */,
				1C6CEB11188393F6003F5BB4 /* main.m */,
				1C6CEB13188393F6003F5BB4 /* Fix Noisebridge-Prefix.pch */,
			);
			name = "Supporting Files";
			sourceTree = "<group>";
		};
		1C6CEB2A188393F6003F5BB4 /* Fix NoisebridgeTests */ = {
			isa = PBXGroup;
			children = (
				1C6CEB30188393F6003F5BB4 /* Fix_NoisebridgeTests.m */,
				1C6CEB2B188393F6003F5BB4 /* Supporting Files */,
			);
			path = "Fix NoisebridgeTests";
			sourceTree = "<group>";
		};
		1C6CEB2B188393F6003F5BB4 /* Supporting Files */ = {
			isa = PBXGroup;
			children = (
				1C6CEB2C188393F6003F5BB4 /* Fix NoisebridgeTests-Info.plist */,
				1C6CEB2D188393F6003F5BB4 /* InfoPlist.strings */,
			);
			name = "Supporting Files";
			sourceTree = "<group>";
		};
		1C6CEB511883979E003F5BB4 /* ECSlidingViewController */ = {
			isa = PBXGroup;
			children = (
				1C6CEB521883979E003F5BB4 /* ECPercentDrivenInteractiveTransition.h */,
				1C6CEB531883979E003F5BB4 /* ECPercentDrivenInteractiveTransition.m */,
				1C6CEB541883979E003F5BB4 /* ECSlidingAnimationController.h */,
				1C6CEB551883979E003F5BB4 /* ECSlidingAnimationController.m */,
				1C6CEB561883979E003F5BB4 /* ECSlidingConstants.h */,
				1C6CEB571883979E003F5BB4 /* ECSlidingInteractiveTransition.h */,
				1C6CEB581883979E003F5BB4 /* ECSlidingInteractiveTransition.m */,
				1C6CEB591883979E003F5BB4 /* ECSlidingSegue.h */,
				1C6CEB5A1883979E003F5BB4 /* ECSlidingSegue.m */,
				1C6CEB5B1883979E003F5BB4 /* ECSlidingViewController.h */,
				1C6CEB5C1883979E003F5BB4 /* ECSlidingViewController.m */,
				1C6CEB5D1883979E003F5BB4 /* UIViewController+ECSlidingViewController.h */,
				1C6CEB5E1883979E003F5BB4 /* UIViewController+ECSlidingViewController.m */,
			);
			path = ECSlidingViewController;
			sourceTree = "<group>";
		};
/* End PBXGroup section */

/* Begin PBXNativeTarget section */
		1C6CEB01188393F6003F5BB4 /* Fix Noisebridge */ = {
			isa = PBXNativeTarget;
			buildConfigurationList = 1C6CEB34188393F6003F5BB4 /* Build configuration list for PBXNativeTarget "Fix Noisebridge" */;
			buildPhases = (
				1C6CEAFE188393F6003F5BB4 /* Sources */,
				1C6CEAFF188393F6003F5BB4 /* Frameworks */,
				1C6CEB00188393F6003F5BB4 /* Resources */,
			);
			buildRules = (
			);
			dependencies = (
			);
			name = "Fix Noisebridge";
			productName = "Fix Noisebridge";
			productReference = 1C6CEB02188393F6003F5BB4 /* Fix Noisebridge.app */;
			productType = "com.apple.product-type.application";
		};
		1C6CEB22188393F6003F5BB4 /* Fix NoisebridgeTests */ = {
			isa = PBXNativeTarget;
			buildConfigurationList = 1C6CEB37188393F6003F5BB4 /* Build configuration list for PBXNativeTarget "Fix NoisebridgeTests" */;
			buildPhases = (
				1C6CEB1F188393F6003F5BB4 /* Sources */,
				1C6CEB20188393F6003F5BB4 /* Frameworks */,
				1C6CEB21188393F6003F5BB4 /* Resources */,
			);
			buildRules = (
			);
			dependencies = (
				1C6CEB29188393F6003F5BB4 /* PBXTargetDependency */,
			);
			name = "Fix NoisebridgeTests";
			productName = "Fix NoisebridgeTests";
			productReference = 1C6CEB23188393F6003F5BB4 /* Fix NoisebridgeTests.xctest */;
			productType = "com.apple.product-type.bundle.unit-test";
		};
/* End PBXNativeTarget section */

/* Begin PBXProject section */
		1C6CEAFA188393F6003F5BB4 /* Project object */ = {
			isa = PBXProject;
			attributes = {
				LastUpgradeCheck = 0510;
				ORGANIZATIONNAME = "Romy Ilano";
				TargetAttributes = {
					1C6CEB22188393F6003F5BB4 = {
						TestTargetID = 1C6CEB01188393F6003F5BB4;
					};
				};
			};
			buildConfigurationList = 1C6CEAFD188393F6003F5BB4 /* Build configuration list for PBXProject "Fix Noisebridge" */;
			compatibilityVersion = "Xcode 3.2";
			developmentRegion = English;
			hasScannedForEncodings = 0;
			knownRegions = (
				en,
				Base,
			);
			mainGroup = 1C6CEAF9188393F6003F5BB4;
			productRefGroup = 1C6CEB03188393F6003F5BB4 /* Products */;
			projectDirPath = "";
			projectRoot = "";
			targets = (
				1C6CEB01188393F6003F5BB4 /* Fix Noisebridge */,
				1C6CEB22188393F6003F5BB4 /* Fix NoisebridgeTests */,
			);
		};
/* End PBXProject section */

/* Begin PBXResourcesBuildPhase section */
		1C6CEB00188393F6003F5BB4 /* Resources */ = {
			isa = PBXResourcesBuildPhase;
			buildActionMask = 2147483647;
			files = (
				1C6CEB1E188393F6003F5BB4 /* Images.xcassets in Resources */,
				1C6CEB10188393F6003F5BB4 /* InfoPlist.strings in Resources */,
				1C6CEB3C1883942E003F5BB4 /* README.md in Resources */,
				1C6CEB19188393F6003F5BB4 /* Main.storyboard in Resources */,
			);
			runOnlyForDeploymentPostprocessing = 0;
		};
		1C6CEB21188393F6003F5BB4 /* Resources */ = {
			isa = PBXResourcesBuildPhase;
			buildActionMask = 2147483647;
			files = (
				1C6CEB2F188393F6003F5BB4 /* InfoPlist.strings in Resources */,
			);
			runOnlyForDeploymentPostprocessing = 0;
		};
/* End PBXResourcesBuildPhase section */

/* Begin PBXSourcesBuildPhase section */
		1C6CEAFE188393F6003F5BB4 /* Sources */ = {
			isa = PBXSourcesBuildPhase;
			buildActionMask = 2147483647;
			files = (
				1C6CEB1C188393F6003F5BB4 /* ViewController.m in Sources */,
				1C6CEB641883979E003F5BB4 /* UIViewController+ECSlidingViewController.m in Sources */,
				1C6CEB16188393F6003F5BB4 /* AppDelegate.m in Sources */,
				1C6CEB611883979E003F5BB4 /* ECSlidingInteractiveTransition.m in Sources */,
				1C6CEB621883979E003F5BB4 /* ECSlidingSegue.m in Sources */,
				1C6CEB12188393F6003F5BB4 /* main.m in Sources */,
				1C6CEB631883979E003F5BB4 /* ECSlidingViewController.m in Sources */,
				1C6CEB601883979E003F5BB4 /* ECSlidingAnimationController.m in Sources */,
				1C6CEB5F1883979E003F5BB4 /* ECPercentDrivenInteractiveTransition.m in Sources */,
			);
			runOnlyForDeploymentPostprocessing = 0;
		};
		1C6CEB1F188393F6003F5BB4 /* Sources */ = {
			isa = PBXSourcesBuildPhase;
			buildActionMask = 2147483647;
			files = (
				1C6CEB31188393F6003F5BB4 /* Fix_NoisebridgeTests.m in Sources */,
			);
			runOnlyForDeploymentPostprocessing = 0;
		};
/* End PBXSourcesBuildPhase section */

/* Begin PBXTargetDependency section */
		1C6CEB29188393F6003F5BB4 /* PBXTargetDependency */ = {
			isa = PBXTargetDependency;
			target = 1C6CEB01188393F6003F5BB4 /* Fix Noisebridge */;
			targetProxy = 1C6CEB28188393F6003F5BB4 /* PBXContainerItemProxy */;
		};
/* End PBXTargetDependency section */

/* Begin PBXVariantGroup section */
		1C6CEB0E188393F6003F5BB4 /* InfoPlist.strings */ = {
			isa = PBXVariantGroup;
			children = (
				1C6CEB0F188393F6003F5BB4 /* en */,
			);
			name = InfoPlist.strings;
			sourceTree = "<group>";
		};
		1C6CEB17188393F6003F5BB4 /* Main.storyboard */ = {
			isa = PBXVariantGroup;
			children = (
				1C6CEB18188393F6003F5BB4 /* Base */,
			);
			name = Main.storyboard;
			sourceTree = "<group>";
		};
		1C6CEB2D188393F6003F5BB4 /* InfoPlist.strings */ = {
			isa = PBXVariantGroup;
			children = (
				1C6CEB2E188393F6003F5BB4 /* en */,
			);
			name = InfoPlist.strings;
			sourceTree = "<group>";
		};
/* End PBXVariantGroup section */

/* Begin XCBuildConfiguration section */
		1C6CEB32188393F6003F5BB4 /* Debug */ = {
			isa = XCBuildConfiguration;
			buildSettings = {
				ALWAYS_SEARCH_USER_PATHS = NO;
				ARCHS = "$(ARCHS_STANDARD_INCLUDING_64_BIT)";
				CLANG_CXX_LANGUAGE_STANDARD = "gnu++0x";
				CLANG_CXX_LIBRARY = "libc++";
				CLANG_ENABLE_MODULES = YES;
				CLANG_ENABLE_OBJC_ARC = YES;
				CLANG_WARN_BOOL_CONVERSION = YES;
				CLANG_WARN_CONSTANT_CONVERSION = YES;
				CLANG_WARN_DIRECT_OBJC_ISA_USAGE = YES_ERROR;
				CLANG_WARN_EMPTY_BODY = YES;
				CLANG_WARN_ENUM_CONVERSION = YES;
				CLANG_WARN_INT_CONVERSION = YES;
				CLANG_WARN_OBJC_ROOT_CLASS = YES_ERROR;
				CLANG_WARN__DUPLICATE_METHOD_MATCH = YES;
				"CODE_SIGN_IDENTITY[sdk=iphoneos*]" = "iPhone Developer";
				COPY_PHASE_STRIP = NO;
				GCC_C_LANGUAGE_STANDARD = gnu99;
				GCC_DYNAMIC_NO_PIC = NO;
				GCC_OPTIMIZATION_LEVEL = 0;
				GCC_PREPROCESSOR_DEFINITIONS = (
					"DEBUG=1",
					"$(inherited)",
				);
				GCC_SYMBOLS_PRIVATE_EXTERN = NO;
				GCC_WARN_64_TO_32_BIT_CONVERSION = YES;
				GCC_WARN_ABOUT_RETURN_TYPE = YES_ERROR;
				GCC_WARN_UNDECLARED_SELECTOR = YES;
				GCC_WARN_UNINITIALIZED_AUTOS = YES_AGGRESSIVE;
				GCC_WARN_UNUSED_FUNCTION = YES;
				GCC_WARN_UNUSED_VARIABLE = YES;
				IPHONEOS_DEPLOYMENT_TARGET = 7.1;
				ONLY_ACTIVE_ARCH = YES;
				SDKROOT = iphoneos;
			};
			name = Debug;
		};
		1C6CEB33188393F6003F5BB4 /* Release */ = {
			isa = XCBuildConfiguration;
			buildSettings = {
				ALWAYS_SEARCH_USER_PATHS = NO;
				ARCHS = "$(ARCHS_STANDARD_INCLUDING_64_BIT)";
				CLANG_CXX_LANGUAGE_STANDARD = "gnu++0x";
				CLANG_CXX_LIBRARY = "libc++";
				CLANG_ENABLE_MODULES = YES;
				CLANG_ENABLE_OBJC_ARC = YES;
				CLANG_WARN_BOOL_CONVERSION = YES;
				CLANG_WARN_CONSTANT_CONVERSION = YES;
				CLANG_WARN_DIRECT_OBJC_ISA_USAGE = YES_ERROR;
				CLANG_WARN_EMPTY_BODY = YES;
				CLANG_WARN_ENUM_CONVERSION = YES;
				CLANG_WARN_INT_CONVERSION = YES;
				CLANG_WARN_OBJC_ROOT_CLASS = YES_ERROR;
				CLANG_WARN__DUPLICATE_METHOD_MATCH = YES;
				"CODE_SIGN_IDENTITY[sdk=iphoneos*]" = "iPhone Developer";
				COPY_PHASE_STRIP = YES;
				ENABLE_NS_ASSERTIONS = NO;
				GCC_C_LANGUAGE_STANDARD = gnu99;
				GCC_WARN_64_TO_32_BIT_CONVERSION = YES;
				GCC_WARN_ABOUT_RETURN_TYPE = YES_ERROR;
				GCC_WARN_UNDECLARED_SELECTOR = YES;
				GCC_WARN_UNINITIALIZED_AUTOS = YES_AGGRESSIVE;
				GCC_WARN_UNUSED_FUNCTION = YES;
				GCC_WARN_UNUSED_VARIABLE = YES;
				IPHONEOS_DEPLOYMENT_TARGET = 7.1;
				SDKROOT = iphoneos;
				VALIDATE_PRODUCT = YES;
			};
			name = Release;
		};
		1C6CEB35188393F6003F5BB4 /* Debug */ = {
			isa = XCBuildConfiguration;
			buildSettings = {
				ASSETCATALOG_COMPILER_APPICON_NAME = AppIcon;
				ASSETCATALOG_COMPILER_LAUNCHIMAGE_NAME = LaunchImage;
				FRAMEWORK_SEARCH_PATHS = (
					"$(inherited)",
					"$(PROJECT_DIR)",
				);
				GCC_PRECOMPILE_PREFIX_HEADER = YES;
				GCC_PREFIX_HEADER = "Fix Noisebridge/Fix Noisebridge-Prefix.pch";
				INFOPLIST_FILE = "Fix Noisebridge/Fix Noisebridge-Info.plist";
				PRODUCT_NAME = "$(TARGET_NAME)";
				WRAPPER_EXTENSION = app;
			};
			name = Debug;
		};
		1C6CEB36188393F6003F5BB4 /* Release */ = {
			isa = XCBuildConfiguration;
			buildSettings = {
				ASSETCATALOG_COMPILER_APPICON_NAME = AppIcon;
				ASSETCATALOG_COMPILER_LAUNCHIMAGE_NAME = LaunchImage;
				FRAMEWORK_SEARCH_PATHS = (
					"$(inherited)",
					"$(PROJECT_DIR)",
				);
				GCC_PRECOMPILE_PREFIX_HEADER = YES;
				GCC_PREFIX_HEADER = "Fix Noisebridge/Fix Noisebridge-Prefix.pch";
				INFOPLIST_FILE = "Fix Noisebridge/Fix Noisebridge-Info.plist";
				PRODUCT_NAME = "$(TARGET_NAME)";
				WRAPPER_EXTENSION = app;
			};
			name = Release;
		};
		1C6CEB38188393F6003F5BB4 /* Debug */ = {
			isa = XCBuildConfiguration;
			buildSettings = {
				ARCHS = "$(ARCHS_STANDARD_INCLUDING_64_BIT)";
				BUNDLE_LOADER = "$(BUILT_PRODUCTS_DIR)/Fix Noisebridge.app/Fix Noisebridge";
				FRAMEWORK_SEARCH_PATHS = (
					"$(SDKROOT)/Developer/Library/Frameworks",
					"$(inherited)",
					"$(DEVELOPER_FRAMEWORKS_DIR)",
				);
				GCC_PRECOMPILE_PREFIX_HEADER = YES;
				GCC_PREFIX_HEADER = "Fix Noisebridge/Fix Noisebridge-Prefix.pch";
				GCC_PREPROCESSOR_DEFINITIONS = (
					"DEBUG=1",
					"$(inherited)",
				);
				INFOPLIST_FILE = "Fix NoisebridgeTests/Fix NoisebridgeTests-Info.plist";
				PRODUCT_NAME = "$(TARGET_NAME)";
				TEST_HOST = "$(BUNDLE_LOADER)";
				WRAPPER_EXTENSION = xctest;
			};
			name = Debug;
		};
		1C6CEB39188393F6003F5BB4 /* Release */ = {
			isa = XCBuildConfiguration;
			buildSettings = {
				ARCHS = "$(ARCHS_STANDARD_INCLUDING_64_BIT)";
				BUNDLE_LOADER = "$(BUILT_PRODUCTS_DIR)/Fix Noisebridge.app/Fix Noisebridge";
				FRAMEWORK_SEARCH_PATHS = (
					"$(SDKROOT)/Developer/Library/Frameworks",
					"$(inherited)",
					"$(DEVELOPER_FRAMEWORKS_DIR)",
				);
				GCC_PRECOMPILE_PREFIX_HEADER = YES;
				GCC_PREFIX_HEADER = "Fix Noisebridge/Fix Noisebridge-Prefix.pch";
				INFOPLIST_FILE = "Fix NoisebridgeTests/Fix NoisebridgeTests-Info.plist";
				PRODUCT_NAME = "$(TARGET_NAME)";
				TEST_HOST = "$(BUNDLE_LOADER)";
				WRAPPER_EXTENSION = xctest;
			};
			name = Release;
		};
/* End XCBuildConfiguration section */

/* Begin XCConfigurationList section */
		1C6CEAFD188393F6003F5BB4 /* Build configuration list for PBXProject "Fix Noisebridge" */ = {
			isa = XCConfigurationList;
			buildConfigurations = (
				1C6CEB32188393F6003F5BB4 /* Debug */,
				1C6CEB33188393F6003F5BB4 /* Release */,
			);
			defaultConfigurationIsVisible = 0;
			defaultConfigurationName = Release;
		};
		1C6CEB34188393F6003F5BB4 /* Build configuration list for PBXNativeTarget "Fix Noisebridge" */ = {
			isa = XCConfigurationList;
			buildConfigurations = (
				1C6CEB35188393F6003F5BB4 /* Debug */,
				1C6CEB36188393F6003F5BB4 /* Release */,
			);
			defaultConfigurationIsVisible = 0;
		};
		1C6CEB37188393F6003F5BB4 /* Build configuration list for PBXNativeTarget "Fix NoisebridgeTests" */ = {
			isa = XCConfigurationList;
			buildConfigurations = (
				1C6CEB38188393F6003F5BB4 /* Debug */,
				1C6CEB39188393F6003F5BB4 /* Release */,
			);
			defaultConfigurationIsVisible = 0;
		};
/* End XCConfigurationList section */
	};
	rootObject = 1C6CEAFA188393F6003F5BB4 /* Project object */;
}
